
Microsoft Visual Studio Solution File, Format Version 12.00
# Visual Studio Version 17
VisualStudioVersion = 17.2.32519.379
MinimumVisualStudioVersion = 10.0.40219.1
Project("{FAE04EC0-301F-11D3-BF4B-00C04F79EFBC}") = "EntityCore", "EntityCore\EntityCore.csproj", "{267E60A1-F1E5-476B-B758-C51655E354D5}"
EndProject
Project("{2150E333-8FDC-42A3-9474-1A3956D46DE8}") = "Solution Items", "Solution Items", "{8C785475-6112-40CE-8B5C-92885B21F07C}"
	ProjectSection(SolutionItems) = preProject
		.gitignore = .gitignore
		Readme.md = Readme.md
	EndProjectSection
EndProject
Project("{FAE04EC0-301F-11D3-BF4B-00C04F79EFBC}") = "EntityCoreDbFirst", "EntityCoreDbFirst\EntityCoreDbFirst.csproj", "{1EB6E26E-C2DF-4111-A6DD-40351BDDD69D}"
EndProject
Global
	GlobalSection(SolutionConfigurationPlatforms) = preSolution
		Debug|Any CPU = Debug|Any CPU
		Release|Any CPU = Release|Any CPU
	EndGlobalSection
	GlobalSection(ProjectConfigurationPlatforms) = postSolution
		{267E60A1-F1E5-476B-B758-C51655E354D5}.Debug|Any CPU.ActiveCfg = Debug|Any CPU
		{267E60A1-F1E5-476B-B758-C51655E354D5}.Debug|Any CPU.Build.0 = Debug|Any CPU
		{267E60A1-F1E5-476B-B758-C51655E354D5}.Release|Any CPU.ActiveCfg = Release|Any CPU
		{267E60A1-F1E5-476B-B758-C51655E354D5}.Release|Any CPU.Build.0 = Release|Any CPU
		{1EB6E26E-C2DF-4111-A6DD-40351BDDD69D}.Debug|Any CPU.ActiveCfg = Debug|Any CPU
		{1EB6E26E-C2DF-4111-A6DD-40351BDDD69D}.Debug|Any CPU.Build.0 = Debug|Any CPU
		{1EB6E26E-C2DF-4111-A6DD-40351BDDD69D}.Release|Any CPU.ActiveCfg = Release|Any CPU
		{1EB6E26E-C2DF-4111-A6DD-40351BDDD69D}.Release|Any CPU.Build.0 = Release|Any CPU
	EndGlobalSection
	GlobalSection(SolutionProperties) = preSolution
		HideSolutionNode = FALSE
	EndGlobalSection
	GlobalSection(ExtensibilityGlobals) = postSolution
		SolutionGuid = {287DDE98-AE19-4892-AA15-9AF6316D7E43}
	EndGlobalSection
EndGlobal
